
Microsoft Visual Studio Solution File, Format Version 12.00
# Visual Studio Version 17
VisualStudioVersion = 17.4.33110.190
MinimumVisualStudioVersion = 10.0.40219.1
Project("{FAE04EC0-301F-11D3-BF4B-00C04F79EFBC}") = "WebAPIEscuela", "WebAPIEscuela\WebAPIEscuela.csproj", "{B968FE16-6180-4222-84D0-A09FA54FD624}"
EndProject
Global
	GlobalSection(SolutionConfigurationPlatforms) = preSolution
		Debug|Any CPU = Debug|Any CPU
		Release|Any CPU = Release|Any CPU
	EndGlobalSection
	GlobalSection(ProjectConfigurationPlatforms) = postSolution
		{B968FE16-6180-4222-84D0-A09FA54FD624}.Debug|Any CPU.ActiveCfg = Debug|Any CPU
		{B968FE16-6180-4222-84D0-A09FA54FD624}.Debug|Any CPU.Build.0 = Debug|Any CPU
		{B968FE16-6180-4222-84D0-A09FA54FD624}.Release|Any CPU.ActiveCfg = Release|Any CPU
		{B968FE16-6180-4222-84D0-A09FA54FD624}.Release|Any CPU.Build.0 = Release|Any CPU
	EndGlobalSection
	GlobalSection(SolutionProperties) = preSolution
		HideSolutionNode = FALSE
	EndGlobalSection
	GlobalSection(ExtensibilityGlobals) = postSolution
		SolutionGuid = {91BD3300-48E7-43BC-9B13-4DC3862E5459}
	EndGlobalSection
EndGlobal
